
Microsoft Visual Studio Solution File, Format Version 12.00
# Visual Studio Version 16
VisualStudioVersion = 16.0.32106.194
MinimumVisualStudioVersion = 10.0.40219.1
Project("{FAE04EC0-301F-11D3-BF4B-00C04F79EFBC}") = "TimedQuizApp", "TimedQuizApp\TimedQuizApp.csproj", "{17165037-925B-49F7-8C4F-E87146C3B6D4}"
EndProject
Global
	GlobalSection(SolutionConfigurationPlatforms) = preSolution
		Debug|Any CPU = Debug|Any CPU
		Release|Any CPU = Release|Any CPU
	EndGlobalSection
	GlobalSection(ProjectConfigurationPlatforms) = postSolution
		{17165037-925B-49F7-8C4F-E87146C3B6D4}.Debug|Any CPU.ActiveCfg = Debug|Any CPU
		{17165037-925B-49F7-8C4F-E87146C3B6D4}.Debug|Any CPU.Build.0 = Debug|Any CPU
		{17165037-925B-49F7-8C4F-E87146C3B6D4}.Release|Any CPU.ActiveCfg = Release|Any CPU
		{17165037-925B-49F7-8C4F-E87146C3B6D4}.Release|Any CPU.Build.0 = Release|Any CPU
	EndGlobalSection
	GlobalSection(SolutionProperties) = preSolution
		HideSolutionNode = FALSE
	EndGlobalSection
	GlobalSection(ExtensibilityGlobals) = postSolution
		SolutionGuid = {55EA7A3C-32E6-473A-9727-42E1A4260372}
	EndGlobalSection
EndGlobal
